
Microsoft Visual Studio Solution File, Format Version 12.00
# Visual Studio Version 17
VisualStudioVersion = 17.7.34024.191
MinimumVisualStudioVersion = 10.0.40219.1
Project("{FAE04EC0-301F-11D3-BF4B-00C04F79EFBC}") = "UtangApp", "UtangApp\UtangApp.csproj", "{54951D61-C97F-48C1-8616-CD511610DF72}"
EndProject
Project("{54435603-DBB4-11D2-8724-00A0C9A8B90C}") = "Setup1", "Setup1\Setup1.vdproj", "{6CD8D86F-E79F-47B2-9A05-1B4B92E61B01}"
EndProject
Global
	GlobalSection(SolutionConfigurationPlatforms) = preSolution
		Debug|Any CPU = Debug|Any CPU
		Release|Any CPU = Release|Any CPU
	EndGlobalSection
	GlobalSection(ProjectConfigurationPlatforms) = postSolution
		{54951D61-C97F-48C1-8616-CD511610DF72}.Debug|Any CPU.ActiveCfg = Debug|Any CPU
		{54951D61-C97F-48C1-8616-CD511610DF72}.Debug|Any CPU.Build.0 = Debug|Any CPU
		{54951D61-C97F-48C1-8616-CD511610DF72}.Release|Any CPU.ActiveCfg = Release|Any CPU
		{54951D61-C97F-48C1-8616-CD511610DF72}.Release|Any CPU.Build.0 = Release|Any CPU
		{6CD8D86F-E79F-47B2-9A05-1B4B92E61B01}.Debug|Any CPU.ActiveCfg = Debug
		{6CD8D86F-E79F-47B2-9A05-1B4B92E61B01}.Release|Any CPU.ActiveCfg = Release
	EndGlobalSection
	GlobalSection(SolutionProperties) = preSolution
		HideSolutionNode = FALSE
	EndGlobalSection
	GlobalSection(ExtensibilityGlobals) = postSolution
		SolutionGuid = {5001ABB3-CCCA-4E34-8537-ED62733603CD}
	EndGlobalSection
EndGlobal
